<?xml version="1.0" encoding="utf-8"?>
<Project ToolsVersion="4.0" xmlns="http://schemas.microsoft.com/developer/msbuild/2003">
  <ItemGroup>
    <Filter Include="源文件">
      <UniqueIdentifier>{4FC737F1-C7A5-4376-A066-2A32D752A2FF}</UniqueIdentifier>
      <Extensions>cpp;c;cc;cxx;c++;cppm;ixx;def;odl;idl;hpj;bat;asm;asmx</Extensions>
    </Filter>
    <Filter Include="头文件">
      <UniqueIdentifier>{93995380-89BD-4b04-88EB-625FBE52EBFB}</UniqueIdentifier>
      <Extensions>h;hh;hpp;hxx;h++;hm;inl;inc;ipp;xsd</Extensions>
    </Filter>
    <Filter Include="资源文件">
      <UniqueIdentifier>{67DA6AB6-F800-4c08-8B7A-83BB121AAD01}</UniqueIdentifier>
      <Extensions>rc;ico;cur;bmp;dlg;rc2;rct;bin;rgs;gif;jpg;jpeg;jpe;resx;tiff;tif;png;wav;mfcribbon-ms</Extensions>
    </Filter>
    <Filter Include="源文件\Page">
      <UniqueIdentifier>{31b1a843-7254-4024-88fb-a179a606cb08}</UniqueIdentifier>
    </Filter>
    <Filter Include="源文件\Mouse">
      <UniqueIdentifier>{57995c59-3355-4cbf-bb01-3d80eec718e3}</UniqueIdentifier>
    </Filter>
    <Filter Include="源文件\Scene">
      <UniqueIdentifier>{d3f5c11b-a013-4d66-b464-ac6e5fe0517f}</UniqueIdentifier>
    </Filter>
    <Filter Include="头文件\Specific">
      <UniqueIdentifier>{cd1107d3-046f-40c7-928d-d18ba3512e48}</UniqueIdentifier>
    </Filter>
    <Filter Include="头文件\Specific\Scene">
      <UniqueIdentifier>{a1840bec-27fb-4cca-ac37-88176708c37e}</UniqueIdentifier>
    </Filter>
    <Filter Include="源文件\Link">
      <UniqueIdentifier>{408315ba-5364-4c0a-bd2c-8686f3196f2e}</UniqueIdentifier>
    </Filter>
    <Filter Include="源文件\Reader">
      <UniqueIdentifier>{8c16c3cf-8f48-45d4-a187-99f5b7595eb2}</UniqueIdentifier>
    </Filter>
    <Filter Include="源文件\Scene\GeneralScene">
      <UniqueIdentifier>{dcab2ea2-a275-44a1-a45b-33aef71ffaae}</UniqueIdentifier>
    </Filter>
    <Filter Include="源文件\Scene\GeneralScene\HomePage">
      <UniqueIdentifier>{f12a3cf2-ee20-4b19-a4d8-63255d837a7e}</UniqueIdentifier>
    </Filter>
    <Filter Include="头文件\Specific\Scene\GeneralScene">
      <UniqueIdentifier>{169926b4-ca98-4a66-b4f3-ed366fe94150}</UniqueIdentifier>
    </Filter>
    <Filter Include="头文件\Specific\Scene\GeneralScene\HomePage">
      <UniqueIdentifier>{43180f58-3a78-467c-b4b0-8c7e172bf5bf}</UniqueIdentifier>
    </Filter>
    <Filter Include="头文件\Specific\Scene\GeneralScene\LoginPage">
      <UniqueIdentifier>{c080ab70-2c2b-4692-a24b-7e32cd20c493}</UniqueIdentifier>
    </Filter>
    <Filter Include="源文件\Scene\GeneralScene\LoginPage">
      <UniqueIdentifier>{9632c6ef-5e4c-4560-9b99-e449b780a87a}</UniqueIdentifier>
    </Filter>
    <Filter Include="源文件\Scene\GeneralScene\HelpPage">
      <UniqueIdentifier>{9b466295-79d2-497b-850c-edeeaab5f271}</UniqueIdentifier>
    </Filter>
    <Filter Include="头文件\Specific\Scene\GeneralScene\HelpPage">
      <UniqueIdentifier>{8fd1c91e-0881-4d70-a963-ee1f79b1f6c9}</UniqueIdentifier>
    </Filter>
    <Filter Include="头文件\Base">
      <UniqueIdentifier>{6b3c8a1d-e28d-4760-9ea5-0937c87db1b9}</UniqueIdentifier>
    </Filter>
  </ItemGroup>
  <ItemGroup>
    <ClCompile Include="HomePageDisplay.cpp">
      <Filter>源文件\Scene\GeneralScene\HomePage</Filter>
    </ClCompile>
    <ClCompile Include="PageConfig.cpp">
      <Filter>源文件\Page</Filter>
    </ClCompile>
    <ClCompile Include="main.cpp">
      <Filter>源文件</Filter>
    </ClCompile>
    <ClCompile Include="MouseConfig.cpp">
      <Filter>源文件\Mouse</Filter>
    </ClCompile>
    <ClCompile Include="LinkBase.h">
      <Filter>头文件\Base</Filter>
    </ClCompile>
    <ClCompile Include="LinkConfig.cpp">
      <Filter>源文件\Link</Filter>
    </ClCompile>
    <ClCompile Include="ReaderConfig.cpp">
      <Filter>源文件\Reader</Filter>
    </ClCompile>
    <ClCompile Include="SceneConfig.cpp">
      <Filter>源文件\Scene</Filter>
    </ClCompile>
    <ClCompile Include="GeneralSceneSp.h">
      <Filter>头文件\Specific\Scene</Filter>
    </ClCompile>
    <ClCompile Include="GeneralSceneConfig.cpp">
      <Filter>源文件\Scene\GeneralScene</Filter>
    </ClCompile>
    <ClCompile Include="LoginPageDisplay.cpp">
      <Filter>源文件\Scene\GeneralScene\LoginPage</Filter>
    </ClCompile>
    <ClCompile Include="HelpPageDisplay.cpp">
      <Filter>源文件\Scene\GeneralScene\HelpPage</Filter>
    </ClCompile>
  </ItemGroup>
  <ItemGroup>
    <ClInclude Include="PageBase.h">
      <Filter>头文件\Base</Filter>
    </ClInclude>
    <ClInclude Include="MouseBase.h">
      <Filter>头文件\Base</Filter>
    </ClInclude>
    <ClInclude Include="SceneBase.h">
      <Filter>头文件\Base</Filter>
    </ClInclude>
    <ClInclude Include="ReaderBase.h">
      <Filter>头文件\Base</Filter>
    </ClInclude>
    <ClInclude Include="HomePageSp.h">
      <Filter>头文件\Specific\Scene\GeneralScene\HomePage</Filter>
    </ClInclude>
    <ClInclude Include="LoginPageSp.h">
      <Filter>头文件\Specific\Scene\GeneralScene\LoginPage</Filter>
    </ClInclude>
    <ClInclude Include="HelpPageSp.h">
      <Filter>头文件\Specific\Scene\GeneralScene\HelpPage</Filter>
    </ClInclude>
    <ClInclude Include="ErrorBase.h">
      <Filter>头文件\Base</Filter>
    </ClInclude>
  </ItemGroup>
  <ItemGroup>
    <Text Include="HelpPageData.txt">
      <Filter>资源文件</Filter>
    </Text>
    <Text Include="HomePageData.txt">
      <Filter>资源文件</Filter>
    </Text>
    <Text Include="LoginPageData.txt">
      <Filter>资源文件</Filter>
    </Text>
  </ItemGroup>
</Project>